
Microsoft Visual Studio Solution File, Format Version 12.00
# Visual Studio 14
VisualStudioVersion = 14.0.25420.1
MinimumVisualStudioVersion = 10.0.40219.1
Project("{FAE04EC0-301F-11D3-BF4B-00C04F79EFBC}") = "RDSearch.DomainObjects", "RDSearch.DomainObjects\RDSearch.DomainObjects.csproj", "{F1542884-27DC-40F3-B467-F39EFFE013BE}"
EndProject
Project("{FAE04EC0-301F-11D3-BF4B-00C04F79EFBC}") = "RDSearch.DataAccess", "RDSearch.DataAccess\RDSearch.DataAccess.csproj", "{0D9C8E34-F4DA-4030-8941-D1FD85F9A768}"
EndProject
Global
	GlobalSection(SolutionConfigurationPlatforms) = preSolution
		Debug|Any CPU = Debug|Any CPU
		Release|Any CPU = Release|Any CPU
	EndGlobalSection
	GlobalSection(ProjectConfigurationPlatforms) = postSolution
		{F1542884-27DC-40F3-B467-F39EFFE013BE}.Debug|Any CPU.ActiveCfg = Debug|Any CPU
		{F1542884-27DC-40F3-B467-F39EFFE013BE}.Debug|Any CPU.Build.0 = Debug|Any CPU
		{F1542884-27DC-40F3-B467-F39EFFE013BE}.Release|Any CPU.ActiveCfg = Release|Any CPU
		{F1542884-27DC-40F3-B467-F39EFFE013BE}.Release|Any CPU.Build.0 = Release|Any CPU
		{0D9C8E34-F4DA-4030-8941-D1FD85F9A768}.Debug|Any CPU.ActiveCfg = Debug|Any CPU
		{0D9C8E34-F4DA-4030-8941-D1FD85F9A768}.Debug|Any CPU.Build.0 = Debug|Any CPU
		{0D9C8E34-F4DA-4030-8941-D1FD85F9A768}.Release|Any CPU.ActiveCfg = Release|Any CPU
		{0D9C8E34-F4DA-4030-8941-D1FD85F9A768}.Release|Any CPU.Build.0 = Release|Any CPU
	EndGlobalSection
	GlobalSection(SolutionProperties) = preSolution
		HideSolutionNode = FALSE
	EndGlobalSection
EndGlobal
